{
  "items": {
    "agent:__meridian-orchestrator": {
      "content_hash": "sha256:95b4c108a97b89521df4d3ee6ff8cd8c3d830294157f66ba2d99e9ce14e35e68",
      "destination_path": ".agents/agents/__meridian-orchestrator.md",
      "source_item_id": "agent:__meridian-orchestrator",
      "source_name": "meridian-base"
    },
    "agent:__meridian-subagent": {
      "content_hash": "sha256:8a92ac48c5025761c3aab71cb9cf4e74606ebdc85d2a1014adb264e095b97530",
      "destination_path": ".agents/agents/__meridian-subagent.md",
      "source_item_id": "agent:__meridian-subagent",
      "source_name": "meridian-base"
    },
    "agent:browser-tester": {
      "content_hash": "sha256:67b9848f051e2581973ee72036cbf69b62de39df0a885eb7b1db9fbaa16ce70e",
      "destination_path": ".agents/agents/browser-tester.md",
      "source_item_id": "agent:browser-tester",
      "source_name": "meridian-dev-workflow"
    },
    "agent:coder": {
      "content_hash": "sha256:8b609c75a220a12e414140a20497c8a60c4a2a3993dc4d51bfa27cfe32e0e22b",
      "destination_path": ".agents/agents/coder.md",
      "source_item_id": "agent:coder",
      "source_name": "meridian-dev-workflow"
    },
    "agent:designer": {
      "content_hash": "sha256:a06f02b5d868fb361bfc1181a4afb45f7912f7e976bd56ba478fbc10035bd016",
      "destination_path": ".agents/agents/designer.md",
      "source_item_id": "agent:designer",
      "source_name": "meridian-dev-workflow"
    },
    "agent:dev-orchestrator": {
      "content_hash": "sha256:786d3c0f1905ae2b2589aa1e78caa4ebd91349a33728f1b8855504ed4470d214",
      "destination_path": ".agents/agents/dev-orchestrator.md",
      "source_item_id": "agent:dev-orchestrator",
      "source_name": "meridian-dev-workflow"
    },
    "agent:documenter": {
      "content_hash": "sha256:a381b68846f088d4ffa99fb08ae34460091e0d7eff0a78f5f8e0e9c9ef17ec3f",
      "destination_path": ".agents/agents/documenter.md",
      "source_item_id": "agent:documenter",
      "source_name": "meridian-dev-workflow"
    },
    "agent:explorer": {
      "content_hash": "sha256:d8f049b13f52d523d9d7e1b321cf4ffa874d6c549af4db7f4f9bde8616c6e2c6",
      "destination_path": ".agents/agents/explorer.md",
      "source_item_id": "agent:explorer",
      "source_name": "meridian-dev-workflow"
    },
    "agent:investigator": {
      "content_hash": "sha256:bc9057937bad63aa648db4c7e52189e624015796955fb01bb836e167adc6d039",
      "destination_path": ".agents/agents/investigator.md",
      "source_item_id": "agent:investigator",
      "source_name": "meridian-dev-workflow"
    },
    "agent:researcher": {
      "content_hash": "sha256:508303897333ace1f8258bb1df0ff1c09ad201bfbff1995cbd38557c36fad2ca",
      "destination_path": ".agents/agents/researcher.md",
      "source_item_id": "agent:researcher",
      "source_name": "meridian-dev-workflow"
    },
    "agent:reviewer": {
      "content_hash": "sha256:a084df7f389989657c1fe8b5e53ad05203cc060314d12e7e8e267dbff0e1d99a",
      "destination_path": ".agents/agents/reviewer.md",
      "source_item_id": "agent:reviewer",
      "source_name": "meridian-dev-workflow"
    },
    "agent:smoke-tester": {
      "content_hash": "sha256:59d4180b640bf38c0362b22218dfaad32022b9cf447192c64aca5b153fcaffee",
      "destination_path": ".agents/agents/smoke-tester.md",
      "source_item_id": "agent:smoke-tester",
      "source_name": "meridian-dev-workflow"
    },
    "agent:unit-tester": {
      "content_hash": "sha256:125f857b8f6ecc6b91c7caccf146c573ae33505f0b2c155ccbb658bd6c9e8038",
      "destination_path": ".agents/agents/unit-tester.md",
      "source_item_id": "agent:unit-tester",
      "source_name": "meridian-dev-workflow"
    },
    "agent:verification-tester": {
      "content_hash": "sha256:fa327a5085d5e616af7018b9cfddec5a66fa8d88206bb838cb98e061faf4bcff",
      "destination_path": ".agents/agents/verification-tester.md",
      "source_item_id": "agent:verification-tester",
      "source_name": "meridian-dev-workflow"
    },
    "skill:__meridian-install": {
      "content_hash": "sha256:979a5a4e775e80e0234f214a062d333e02bda1d9aeef9a4c9e433870b6a20aab",
      "destination_path": ".agents/skills/__meridian-install",
      "source_item_id": "skill:__meridian-install",
      "source_name": "meridian-base"
    },
    "skill:__meridian-orchestrate": {
      "content_hash": "sha256:63cc1e3fcb6137d9b0bdfe302eb946929872fa2eea48eecd5d34488c7432fac5",
      "destination_path": ".agents/skills/__meridian-orchestrate",
      "source_item_id": "skill:__meridian-orchestrate",
      "source_name": "meridian-base"
    },
    "skill:__meridian-session-context": {
      "content_hash": "sha256:c0ee9b4bee312245116159a2cb4d881b08cac5860aba37e32d83b5a36b65e433",
      "destination_path": ".agents/skills/__meridian-session-context",
      "source_item_id": "skill:__meridian-session-context",
      "source_name": "meridian-base"
    },
    "skill:__meridian-spawn-agent": {
      "content_hash": "sha256:c24b257d5c12a4a213ad9c9191ab0d6ab14627742555d10435030ac902e9dbba",
      "destination_path": ".agents/skills/__meridian-spawn-agent",
      "source_item_id": "skill:__meridian-spawn-agent",
      "source_name": "meridian-base"
    },
    "skill:__meridian-troubleshoot": {
      "content_hash": "sha256:34057d818da9719be85d6a5e6d721ccc7bed969510d8b8f261c766ed7d948aa3",
      "destination_path": ".agents/skills/__meridian-troubleshoot",
      "source_item_id": "skill:__meridian-troubleshoot",
      "source_name": "meridian-base"
    },
    "skill:__meridian-work-coordination": {
      "content_hash": "sha256:00456a2370061fc08cc80f2d3009c9bf4f814ad175775398791a2f187ff681af",
      "destination_path": ".agents/skills/__meridian-work-coordination",
      "source_item_id": "skill:__meridian-work-coordination",
      "source_name": "meridian-base"
    },
    "skill:architecture-design": {
      "content_hash": "sha256:798216650294aad93097f5329438fd0db4462ff1cff2cbad960029a08b24638a",
      "destination_path": ".agents/skills/architecture-design",
      "source_item_id": "skill:architecture-design",
      "source_name": "meridian-dev-workflow"
    },
    "skill:browser-testing": {
      "content_hash": "sha256:da3d6e77f49ac2730cb2cf6ae68268cfe848b3fcbc018c7609679e3af360eabe",
      "destination_path": ".agents/skills/browser-testing",
      "source_item_id": "skill:browser-testing",
      "source_name": "meridian-dev-workflow"
    },
    "skill:dev-orchestration": {
      "content_hash": "sha256:b94eb071e5906d3483f7d0c2d6bff993da2371c4c6ac7c53114afe40e4c8f7e0",
      "destination_path": ".agents/skills/dev-orchestration",
      "source_item_id": "skill:dev-orchestration",
      "source_name": "meridian-dev-workflow"
    },
    "skill:issue-tracking": {
      "content_hash": "sha256:5a25e0ae280bd4257a8183a3a505b91152fdadcfef8893fc91144938008f04bc",
      "destination_path": ".agents/skills/issue-tracking",
      "source_item_id": "skill:issue-tracking",
      "source_name": "meridian-dev-workflow"
    },
    "skill:mermaid": {
      "content_hash": "sha256:9edca522182f434c458856a3e4bc0feee301cecc77dd9891ec6dc59df45e90f6",
      "destination_path": ".agents/skills/mermaid",
      "source_item_id": "skill:mermaid",
      "source_name": "meridian-dev-workflow"
    },
    "skill:plan-implementation": {
      "content_hash": "sha256:dee71f9d82e6483c78d3c31cbafc20f911719c9fa3146c11616f00131bd8119f",
      "destination_path": ".agents/skills/plan-implementation",
      "source_item_id": "skill:plan-implementation",
      "source_name": "meridian-dev-workflow"
    },
    "skill:review": {
      "content_hash": "sha256:c416deae75188a9961ca3f43bd3dacc005eeb0e914e025a22789ce1a07df5284",
      "destination_path": ".agents/skills/review",
      "source_item_id": "skill:review",
      "source_name": "meridian-dev-workflow"
    },
    "skill:review-orchestration": {
      "content_hash": "sha256:534f7cf94bd63d848e3613afcdd7a6e3f8300acc3ee014070272496e06a8ac48",
      "destination_path": ".agents/skills/review-orchestration",
      "source_item_id": "skill:review-orchestration",
      "source_name": "meridian-dev-workflow"
    },
    "skill:smoke-testing": {
      "content_hash": "sha256:396e879c8bdff7be13fb23d84c7aa223b38042e0914c16526b12f147f474cc4f",
      "destination_path": ".agents/skills/smoke-testing",
      "source_item_id": "skill:smoke-testing",
      "source_name": "meridian-dev-workflow"
    },
    "skill:superdesign": {
      "content_hash": "sha256:8f55810b6e35958184d03ad77826f754e5b2df8e35beb33afe4331406bb91b5b",
      "destination_path": ".agents/skills/superdesign",
      "source_item_id": "skill:superdesign",
      "source_name": "superdesign-skill"
    },
    "skill:tech-docs": {
      "content_hash": "sha256:05b50264abebdf55ee91edfbdabbd052582b944eb058e5829a769810eb3b7386",
      "destination_path": ".agents/skills/tech-docs",
      "source_item_id": "skill:tech-docs",
      "source_name": "meridian-dev-workflow"
    },
    "skill:unit-testing": {
      "content_hash": "sha256:7a6445d02b0697f9e51c60e5d44dbe1333ca8ee84b89f4b8d2def254049352a8",
      "destination_path": ".agents/skills/unit-testing",
      "source_item_id": "skill:unit-testing",
      "source_name": "meridian-dev-workflow"
    },
    "skill:verification-testing": {
      "content_hash": "sha256:c3301ba605f341ac3dba55c76018127819464fecf864871a84f0b3002aa45c6e",
      "destination_path": ".agents/skills/verification-testing",
      "source_item_id": "skill:verification-testing",
      "source_name": "meridian-dev-workflow"
    }
  },
  "sources": {
    "meridian-base": {
      "installed_at": null,
      "installed_tree_hash": "sha256:7a1250edb77c52f55b6322d937fadae8a06ed1fee2bb8880045283d4ad6235c9",
      "items": {
        "agent:__meridian-orchestrator": {
          "path": "agents/__meridian-orchestrator.md"
        },
        "agent:__meridian-subagent": {
          "path": "agents/__meridian-subagent.md"
        },
        "skill:__meridian-install": {
          "path": "skills/__meridian-install/SKILL.md"
        },
        "skill:__meridian-orchestrate": {
          "path": "skills/__meridian-orchestrate/SKILL.md"
        },
        "skill:__meridian-session-context": {
          "path": "skills/__meridian-session-context/SKILL.md"
        },
        "skill:__meridian-spawn-agent": {
          "path": "skills/__meridian-spawn-agent/SKILL.md"
        },
        "skill:__meridian-troubleshoot": {
          "path": "skills/__meridian-troubleshoot/SKILL.md"
        },
        "skill:__meridian-work-coordination": {
          "path": "skills/__meridian-work-coordination/SKILL.md"
        }
      },
      "kind": "git",
      "locator": "https://github.com/haowjy/meridian-base.git",
      "realized_closure": [
        "agent:__meridian-orchestrator",
        "agent:__meridian-subagent",
        "skill:__meridian-install",
        "skill:__meridian-orchestrate",
        "skill:__meridian-session-context",
        "skill:__meridian-spawn-agent",
        "skill:__meridian-troubleshoot",
        "skill:__meridian-work-coordination"
      ],
      "requested_ref": "main",
      "resolved_identity": {
        "commit": "6edd7e26abb26a143a72a4ee6b3ecc3e047f2e69"
      }
    },
    "meridian-dev-workflow": {
      "installed_at": null,
      "installed_tree_hash": "sha256:5f22df29ebf04e18517b6c7c59373b67beda36d9b7c1bd575e8e75a07fc07d2e",
      "items": {
        "agent:browser-tester": {
          "path": "agents/browser-tester.md"
        },
        "agent:coder": {
          "path": "agents/coder.md"
        },
        "agent:designer": {
          "path": "agents/designer.md"
        },
        "agent:dev-orchestrator": {
          "path": "agents/dev-orchestrator.md"
        },
        "agent:documenter": {
          "path": "agents/documenter.md"
        },
        "agent:explorer": {
          "path": "agents/explorer.md"
        },
        "agent:investigator": {
          "path": "agents/investigator.md"
        },
        "agent:researcher": {
          "path": "agents/researcher.md"
        },
        "agent:reviewer": {
          "path": "agents/reviewer.md"
        },
        "agent:smoke-tester": {
          "path": "agents/smoke-tester.md"
        },
        "agent:unit-tester": {
          "path": "agents/unit-tester.md"
        },
        "agent:verification-tester": {
          "path": "agents/verification-tester.md"
        },
        "skill:architecture-design": {
          "path": "skills/architecture-design/SKILL.md"
        },
        "skill:browser-testing": {
          "path": "skills/browser-testing/SKILL.md"
        },
        "skill:dev-orchestration": {
          "path": "skills/dev-orchestration/SKILL.md"
        },
        "skill:issue-tracking": {
          "path": "skills/issue-tracking/SKILL.md"
        },
        "skill:mermaid": {
          "path": "skills/mermaid/SKILL.md"
        },
        "skill:plan-implementation": {
          "path": "skills/plan-implementation/SKILL.md"
        },
        "skill:review": {
          "path": "skills/review/SKILL.md"
        },
        "skill:review-orchestration": {
          "path": "skills/review-orchestration/SKILL.md"
        },
        "skill:smoke-testing": {
          "path": "skills/smoke-testing/SKILL.md"
        },
        "skill:tech-docs": {
          "path": "skills/tech-docs/SKILL.md"
        },
        "skill:unit-testing": {
          "path": "skills/unit-testing/SKILL.md"
        },
        "skill:verification-testing": {
          "path": "skills/verification-testing/SKILL.md"
        }
      },
      "kind": "git",
      "locator": "https://github.com/haowjy/meridian-dev-workflow.git",
      "realized_closure": [
        "agent:browser-tester",
        "agent:coder",
        "agent:designer",
        "agent:dev-orchestrator",
        "agent:documenter",
        "agent:explorer",
        "agent:investigator",
        "agent:researcher",
        "agent:reviewer",
        "agent:smoke-tester",
        "agent:unit-tester",
        "agent:verification-tester",
        "skill:architecture-design",
        "skill:browser-testing",
        "skill:dev-orchestration",
        "skill:issue-tracking",
        "skill:mermaid",
        "skill:plan-implementation",
        "skill:review",
        "skill:review-orchestration",
        "skill:smoke-testing",
        "skill:tech-docs",
        "skill:unit-testing",
        "skill:verification-testing"
      ],
      "requested_ref": null,
      "resolved_identity": {
        "commit": "8aa2fd1d3f8f540d9dd3a0f65e19a5f4929c3451"
      }
    },
    "superdesign-skill": {
      "installed_at": null,
      "installed_tree_hash": "sha256:ad0332f5139ab864b7c523174e42b3190611a859075e7adbbb2a44a31da82c6c",
      "items": {
        "skill:superdesign": {
          "path": "skills/superdesign/SKILL.md"
        }
      },
      "kind": "git",
      "locator": "https://github.com/superdesigndev/superdesign-skill.git",
      "realized_closure": [
        "skill:superdesign"
      ],
      "requested_ref": null,
      "resolved_identity": {
        "commit": "12a637f7782194256818d3e47c2aff2be41b2634"
      }
    }
  },
  "version": 1
}
